
Microsoft Visual Studio Solution File, Format Version 12.00
# Visual Studio 2013
VisualStudioVersion = 12.0.30501.0
MinimumVisualStudioVersion = 10.0.40219.1
Project("{8BC9CEB8-8B4A-11D0-8D11-00A0C91BC942}") = "LuaSTGPlus", "LuaSTGPlus\LuaSTGPlus.vcxproj", "{C58FA3BD-E480-4271-B99F-A616EDE360DB}"
	ProjectSection(ProjectDependencies) = postProject
		{0968B6EF-F49F-4ABC-9449-905D181B3B78} = {0968B6EF-F49F-4ABC-9449-905D181B3B78}
	EndProjectSection
EndProject
Project("{8BC9CEB8-8B4A-11D0-8D11-00A0C91BC942}") = "ZLib", "ZLib\ZLib.vcxproj", "{0968B6EF-F49F-4ABC-9449-905D181B3B78}"
EndProject
Project("{FAE04EC0-301F-11D3-BF4B-00C04F79EFBC}") = "PerformanceMonitor", "PerformanceMonitor\PerformanceMonitor.csproj", "{A7147A15-74FC-40E9-A2D3-4AA054B3F21E}"
	ProjectSection(ProjectDependencies) = postProject
		{C58FA3BD-E480-4271-B99F-A616EDE360DB} = {C58FA3BD-E480-4271-B99F-A616EDE360DB}
	EndProjectSection
EndProject
Project("{FAE04EC0-301F-11D3-BF4B-00C04F79EFBC}") = "TexturedFontEditor", "TexturedFontEditor\TexturedFontEditor.csproj", "{4F227D23-99B8-4745-8E80-B8E83BC83BFF}"
EndProject
Project("{FAE04EC0-301F-11D3-BF4B-00C04F79EFBC}") = "mbg2luastg", "mbg2luastg\mbg2luastg.csproj", "{CF743675-95B1-454F-B4CC-D69D2C151040}"
EndProject
Global
	GlobalSection(SolutionConfigurationPlatforms) = preSolution
		Debug|Win32 = Debug|Win32
		Release_Dev|Win32 = Release_Dev|Win32
		Release|Win32 = Release|Win32
	EndGlobalSection
	GlobalSection(ProjectConfigurationPlatforms) = postSolution
		{C58FA3BD-E480-4271-B99F-A616EDE360DB}.Debug|Win32.ActiveCfg = Debug|Win32
		{C58FA3BD-E480-4271-B99F-A616EDE360DB}.Debug|Win32.Build.0 = Debug|Win32
		{C58FA3BD-E480-4271-B99F-A616EDE360DB}.Release_Dev|Win32.ActiveCfg = Release_Dev|Win32
		{C58FA3BD-E480-4271-B99F-A616EDE360DB}.Release_Dev|Win32.Build.0 = Release_Dev|Win32
		{C58FA3BD-E480-4271-B99F-A616EDE360DB}.Release|Win32.ActiveCfg = Release|Win32
		{C58FA3BD-E480-4271-B99F-A616EDE360DB}.Release|Win32.Build.0 = Release|Win32
		{0968B6EF-F49F-4ABC-9449-905D181B3B78}.Debug|Win32.ActiveCfg = Debug|Win32
		{0968B6EF-F49F-4ABC-9449-905D181B3B78}.Debug|Win32.Build.0 = Debug|Win32
		{0968B6EF-F49F-4ABC-9449-905D181B3B78}.Release_Dev|Win32.ActiveCfg = Release_Dev|Win32
		{0968B6EF-F49F-4ABC-9449-905D181B3B78}.Release_Dev|Win32.Build.0 = Release_Dev|Win32
		{0968B6EF-F49F-4ABC-9449-905D181B3B78}.Release|Win32.ActiveCfg = Release|Win32
		{0968B6EF-F49F-4ABC-9449-905D181B3B78}.Release|Win32.Build.0 = Release|Win32
		{A7147A15-74FC-40E9-A2D3-4AA054B3F21E}.Debug|Win32.ActiveCfg = Debug|x86
		{A7147A15-74FC-40E9-A2D3-4AA054B3F21E}.Debug|Win32.Build.0 = Debug|x86
		{A7147A15-74FC-40E9-A2D3-4AA054B3F21E}.Release_Dev|Win32.ActiveCfg = Release|x86
		{A7147A15-74FC-40E9-A2D3-4AA054B3F21E}.Release_Dev|Win32.Build.0 = Release|x86
		{A7147A15-74FC-40E9-A2D3-4AA054B3F21E}.Release|Win32.ActiveCfg = Release|x86
		{A7147A15-74FC-40E9-A2D3-4AA054B3F21E}.Release|Win32.Build.0 = Release|x86
		{4F227D23-99B8-4745-8E80-B8E83BC83BFF}.Debug|Win32.ActiveCfg = Debug|Any CPU
		{4F227D23-99B8-4745-8E80-B8E83BC83BFF}.Debug|Win32.Build.0 = Debug|Any CPU
		{4F227D23-99B8-4745-8E80-B8E83BC83BFF}.Release_Dev|Win32.ActiveCfg = Release|Any CPU
		{4F227D23-99B8-4745-8E80-B8E83BC83BFF}.Release_Dev|Win32.Build.0 = Release|Any CPU
		{4F227D23-99B8-4745-8E80-B8E83BC83BFF}.Release|Win32.ActiveCfg = Release|Any CPU
		{4F227D23-99B8-4745-8E80-B8E83BC83BFF}.Release|Win32.Build.0 = Release|Any CPU
		{CF743675-95B1-454F-B4CC-D69D2C151040}.Debug|Win32.ActiveCfg = Debug|Any CPU
		{CF743675-95B1-454F-B4CC-D69D2C151040}.Debug|Win32.Build.0 = Debug|Any CPU
		{CF743675-95B1-454F-B4CC-D69D2C151040}.Release_Dev|Win32.ActiveCfg = Release|Any CPU
		{CF743675-95B1-454F-B4CC-D69D2C151040}.Release_Dev|Win32.Build.0 = Release|Any CPU
		{CF743675-95B1-454F-B4CC-D69D2C151040}.Release|Win32.ActiveCfg = Release|Any CPU
		{CF743675-95B1-454F-B4CC-D69D2C151040}.Release|Win32.Build.0 = Release|Any CPU
	EndGlobalSection
	GlobalSection(SolutionProperties) = preSolution
		HideSolutionNode = FALSE
	EndGlobalSection
EndGlobal
