<?xml version="1.0" encoding="utf-8"?>
<Project ToolsVersion="4.0" xmlns="http://schemas.microsoft.com/developer/msbuild/2003">
  <ItemGroup>
    <Filter Include="源文件">
      <UniqueIdentifier>{4FC737F1-C7A5-4376-A066-2A32D752A2FF}</UniqueIdentifier>
      <Extensions>cpp;c;cc;cxx;def;odl;idl;hpj;bat;asm;asmx</Extensions>
    </Filter>
    <Filter Include="头文件">
      <UniqueIdentifier>{93995380-89BD-4b04-88EB-625FBE52EBFB}</UniqueIdentifier>
      <Extensions>h;hh;hpp;hxx;hm;inl;inc;xsd</Extensions>
    </Filter>
    <Filter Include="资源文件">
      <UniqueIdentifier>{67DA6AB6-F800-4c08-8B7A-83BB121AAD01}</UniqueIdentifier>
      <Extensions>rc;ico;cur;bmp;dlg;rc2;rct;bin;rgs;gif;jpg;jpeg;jpe;resx;tiff;tif;png;wav;mfcribbon-ms</Extensions>
    </Filter>
    <Filter Include="LuaExtensions">
      <UniqueIdentifier>{4d87e53b-f066-4f3c-acb2-d649804daa53}</UniqueIdentifier>
    </Filter>
    <Filter Include="工具">
      <UniqueIdentifier>{7c577cad-a0da-4586-b32f-773536d02dd2}</UniqueIdentifier>
    </Filter>
    <Filter Include="LuaExtensions\lfs">
      <UniqueIdentifier>{f99304b7-4994-4c5a-b0d2-1b82858caf22}</UniqueIdentifier>
    </Filter>
    <Filter Include="LuaExtensions\lfs\头文件">
      <UniqueIdentifier>{f7f0bcd2-670a-4889-90fe-133d7a68669e}</UniqueIdentifier>
    </Filter>
    <Filter Include="LuaExtensions\lfs\源文件">
      <UniqueIdentifier>{fa70a749-5129-4803-a933-85cd5928601a}</UniqueIdentifier>
    </Filter>
    <Filter Include="LuaExtensions\cjson4lua">
      <UniqueIdentifier>{e63b1b4e-eeec-4cf0-9c34-dea90d949490}</UniqueIdentifier>
    </Filter>
    <Filter Include="LuaExtensions\cjson4lua\头文件">
      <UniqueIdentifier>{e612e0da-1b9c-4731-9a32-74b56f13127f}</UniqueIdentifier>
    </Filter>
    <Filter Include="LuaExtensions\cjson4lua\源文件">
      <UniqueIdentifier>{df76fd8a-5120-48cd-9342-37c6f6e8b223}</UniqueIdentifier>
    </Filter>
  </ItemGroup>
  <ItemGroup>
    <ClInclude Include="Global.h">
      <Filter>头文件</Filter>
    </ClInclude>
    <ClInclude Include="AppFrame.h">
      <Filter>头文件</Filter>
    </ClInclude>
    <ClInclude Include="LogSystem.h">
      <Filter>头文件</Filter>
    </ClInclude>
    <ClInclude Include="Utility.h">
      <Filter>头文件</Filter>
    </ClInclude>
    <ClInclude Include="LuaWrapper.h">
      <Filter>头文件</Filter>
    </ClInclude>
    <ClInclude Include="LuaExtensions\lfs\lfs.h">
      <Filter>LuaExtensions\lfs\头文件</Filter>
    </ClInclude>
    <ClInclude Include="ResourceMgr.h">
      <Filter>头文件</Filter>
    </ClInclude>
    <ClInclude Include="ObjectPool.hpp">
      <Filter>头文件</Filter>
    </ClInclude>
    <ClInclude Include="GameObjectPool.h">
      <Filter>头文件</Filter>
    </ClInclude>
    <ClInclude Include="Dictionary.hpp">
      <Filter>头文件</Filter>
    </ClInclude>
    <ClInclude Include="UnicodeStringEncoding.h">
      <Filter>头文件</Filter>
    </ClInclude>
    <ClInclude Include="CirularQueue.hpp">
      <Filter>头文件</Filter>
    </ClInclude>
    <ClInclude Include="resource.h">
      <Filter>头文件</Filter>
    </ClInclude>
    <ClInclude Include="LuaExtensions\cjson4lua\strbuf.h">
      <Filter>LuaExtensions\cjson4lua\头文件</Filter>
    </ClInclude>
    <ClInclude Include="LuaExtensions\cjson4lua\dtoa_config.h">
      <Filter>LuaExtensions\cjson4lua\头文件</Filter>
    </ClInclude>
    <ClInclude Include="LuaExtensions\cjson4lua\fpconv.h">
      <Filter>LuaExtensions\cjson4lua\头文件</Filter>
    </ClInclude>
    <ClInclude Include="SplashWindow.h">
      <Filter>头文件</Filter>
    </ClInclude>
  </ItemGroup>
  <ItemGroup>
    <ClCompile Include="Main.cpp">
      <Filter>源文件</Filter>
    </ClCompile>
    <ClCompile Include="AppFrame.cpp">
      <Filter>源文件</Filter>
    </ClCompile>
    <ClCompile Include="Utility.cpp">
      <Filter>源文件</Filter>
    </ClCompile>
    <ClCompile Include="LogSystem.cpp">
      <Filter>源文件</Filter>
    </ClCompile>
    <ClCompile Include="LuaWrapper.cpp">
      <Filter>源文件</Filter>
    </ClCompile>
    <ClCompile Include="LuaExtensions\lfs\lfs.c">
      <Filter>LuaExtensions\lfs\源文件</Filter>
    </ClCompile>
    <ClCompile Include="ResourceMgr.cpp">
      <Filter>源文件</Filter>
    </ClCompile>
    <ClCompile Include="GameObjectPool.cpp">
      <Filter>源文件</Filter>
    </ClCompile>
    <ClCompile Include="UnicodeStringEncoding.cpp">
      <Filter>源文件</Filter>
    </ClCompile>
    <ClCompile Include="LuaExtensions\cjson4lua\fpconv.c">
      <Filter>LuaExtensions\cjson4lua\源文件</Filter>
    </ClCompile>
    <ClCompile Include="LuaExtensions\cjson4lua\g_fmt.c">
      <Filter>LuaExtensions\cjson4lua\源文件</Filter>
    </ClCompile>
    <ClCompile Include="LuaExtensions\cjson4lua\lua_cjson.c">
      <Filter>LuaExtensions\cjson4lua\源文件</Filter>
    </ClCompile>
    <ClCompile Include="LuaExtensions\cjson4lua\strbuf.c">
      <Filter>LuaExtensions\cjson4lua\源文件</Filter>
    </ClCompile>
    <ClCompile Include="LuaExtensions\cjson4lua\dtoa.c">
      <Filter>LuaExtensions\cjson4lua\源文件</Filter>
    </ClCompile>
    <ClCompile Include="SplashWindow.cpp">
      <Filter>源文件</Filter>
    </ClCompile>
  </ItemGroup>
  <ItemGroup>
    <None Include="string2enum.py">
      <Filter>工具</Filter>
    </None>
    <None Include="GameObjectPropertyHash.json">
      <Filter>工具</Filter>
    </None>
    <None Include="GameObjectPropertyHash.inl">
      <Filter>头文件</Filter>
    </None>
  </ItemGroup>
  <ItemGroup>
    <ResourceCompile Include="LuaSTGPlus.rc">
      <Filter>资源文件</Filter>
    </ResourceCompile>
  </ItemGroup>
  <ItemGroup>
    <Image Include="app.ico">
      <Filter>资源文件</Filter>
    </Image>
    <Image Include="splash.png">
      <Filter>资源文件</Filter>
    </Image>
  </ItemGroup>
</Project>